
Microsoft Visual Studio Solution File, Format Version 12.00
# Visual Studio Version 17
VisualStudioVersion = 17.8.34408.163
MinimumVisualStudioVersion = 10.0.40219.1
Project("{9A19103F-16F7-4668-BE54-9A1E7A4F7556}") = "GoogleRareBe", "GoogleRareBe.csproj", "{594B0B7E-80A0-42F5-84C4-C9564A5F8A42}"
EndProject
Global
	GlobalSection(SolutionConfigurationPlatforms) = preSolution
		Debug|Any CPU = Debug|Any CPU
		Release|Any CPU = Release|Any CPU
	EndGlobalSection
	GlobalSection(ProjectConfigurationPlatforms) = postSolution
		{594B0B7E-80A0-42F5-84C4-C9564A5F8A42}.Debug|Any CPU.ActiveCfg = Debug|Any CPU
		{594B0B7E-80A0-42F5-84C4-C9564A5F8A42}.Debug|Any CPU.Build.0 = Debug|Any CPU
		{594B0B7E-80A0-42F5-84C4-C9564A5F8A42}.Release|Any CPU.ActiveCfg = Release|Any CPU
		{594B0B7E-80A0-42F5-84C4-C9564A5F8A42}.Release|Any CPU.Build.0 = Release|Any CPU
	EndGlobalSection
	GlobalSection(SolutionProperties) = preSolution
		HideSolutionNode = FALSE
	EndGlobalSection
	GlobalSection(ExtensibilityGlobals) = postSolution
		SolutionGuid = {A8343AAE-D051-4833-B0F1-C0E0FD27EE91}
	EndGlobalSection
EndGlobal
